{
  "version": 4,
  "terraform_version": "0.13.7",
  "serial": 23,
  "lineage": "724c386a-1abe-4494-098c-15ed22e7922c",
  "outputs": {},
  "resources": [
    {
      "mode": "managed",
      "type": "google_project_service",
      "name": "gcp_service",
      "provider": "provider[\"registry.terraform.io/hashicorp/google\"]",
      "instances": [
        {
          "index_key": "compute.googleapis.com",
          "schema_version": 0,
          "attributes": {
            "disable_dependent_services": true,
            "disable_on_destroy": true,
            "id": "kubernetes-terraform-327901/compute.googleapis.com",
            "project": "kubernetes-terraform-327901",
            "service": "compute.googleapis.com",
            "timeouts": null
          }
        }
      ]
    },
    {
      "module": "module.test-vpc-module.module.subnets",
      "mode": "managed",
      "type": "google_compute_subnetwork",
      "name": "subnetwork",
      "provider": "provider[\"registry.terraform.io/hashicorp/google\"]",
      "instances": [
        {
          "index_key": "us-east4/subnet-us-east-192",
          "schema_version": 0,
          "attributes": {
            "creation_timestamp": "2021-10-02T19:47:17.530-07:00",
            "description": "",
            "fingerprint": null,
            "gateway_address": "192.168.1.1",
            "id": "projects/kubernetes-terraform-327901/regions/us-east4/subnetworks/subnet-us-east-192",
            "ip_cidr_range": "192.168.1.0/24",
            "log_config": [],
            "name": "subnet-us-east-192",
            "network": "https://www.googleapis.com/compute/v1/projects/kubernetes-terraform-327901/global/networks/custom-network1",
            "private_ip_google_access": true,
            "private_ipv6_google_access": "DISABLE_GOOGLE_ACCESS",
            "project": "kubernetes-terraform-327901",
            "purpose": "PRIVATE",
            "region": "us-east4",
            "role": "",
            "secondary_ip_range": [
              {
                "ip_cidr_range": "10.220.0.0/14",
                "range_name": "gke-nat-test-cluster-pods-9e376b58"
              },
              {
                "ip_cidr_range": "10.224.0.0/20",
                "range_name": "gke-nat-test-cluster-services-9e376b58"
              }
            ],
            "self_link": "https://www.googleapis.com/compute/v1/projects/kubernetes-terraform-327901/regions/us-east4/subnetworks/subnet-us-east-192",
            "timeouts": null
          }
        }
      ]
    },
    {
      "module": "module.test-vpc-module.module.vpc",
      "mode": "managed",
      "type": "google_compute_network",
      "name": "network",
      "provider": "provider[\"registry.terraform.io/hashicorp/google\"]",
      "instances": [
        {
          "schema_version": 0,
          "attributes": {
            "auto_create_subnetworks": false,
            "delete_default_routes_on_create": false,
            "description": "",
            "gateway_ipv4": "",
            "id": "projects/kubernetes-terraform-327901/global/networks/custom-network1",
            "mtu": 1460,
            "name": "custom-network1",
            "project": "kubernetes-terraform-327901",
            "routing_mode": "GLOBAL",
            "self_link": "https://www.googleapis.com/compute/v1/projects/kubernetes-terraform-327901/global/networks/custom-network1",
            "timeouts": null
          },
          "private": "eyJlMmJmYjczMC1lY2FhLTExZTYtOGY4OC0zNDM2M2JjN2M0YzAiOnsiY3JlYXRlIjoyNDAwMDAwMDAwMDAsImRlbGV0ZSI6MjQwMDAwMDAwMDAwLCJ1cGRhdGUiOjI0MDAwMDAwMDAwMH19"
        }
      ]
    }
  ]
}
