{
  "version": 4,
  "terraform_version": "0.13.7",
  "serial": 32,
  "lineage": "724c386a-1abe-4494-098c-15ed22e7922c",
  "outputs": {
    "name": {
      "value": "nat-config",
      "type": "string"
    }
  },
  "resources": [
    {
      "mode": "managed",
      "type": "google_compute_firewall",
      "name": "rules",
      "provider": "provider[\"registry.terraform.io/hashicorp/google\"]",
      "instances": [
        {
          "schema_version": 1,
          "attributes": {
            "allow": [
              {
                "ports": [
                  "22"
                ],
                "protocol": "tcp"
              }
            ],
            "creation_timestamp": "2021-10-03T15:51:21.698-07:00",
            "deny": [],
            "description": "",
            "destination_ranges": [],
            "direction": "INGRESS",
            "disabled": false,
            "enable_logging": null,
            "id": "projects/kubernetes-terraform-327901/global/firewalls/allow-ssh",
            "log_config": [],
            "name": "allow-ssh",
            "network": "https://www.googleapis.com/compute/v1/projects/kubernetes-terraform-327901/global/networks/custom-network1",
            "priority": 1000,
            "project": "kubernetes-terraform-327901",
            "self_link": "https://www.googleapis.com/compute/v1/projects/kubernetes-terraform-327901/global/firewalls/allow-ssh",
            "source_ranges": [
              "35.235.240.0/20"
            ],
            "source_service_accounts": null,
            "source_tags": null,
            "target_service_accounts": null,
            "target_tags": null,
            "timeouts": null
          },
          "private": "eyJlMmJmYjczMC1lY2FhLTExZTYtOGY4OC0zNDM2M2JjN2M0YzAiOnsiY3JlYXRlIjoyNDAwMDAwMDAwMDAsImRlbGV0ZSI6MjQwMDAwMDAwMDAwLCJ1cGRhdGUiOjI0MDAwMDAwMDAwMH0sInNjaGVtYV92ZXJzaW9uIjoiMSJ9"
        }
      ]
    },
    {
      "mode": "managed",
      "type": "google_compute_router",
      "name": "router",
      "provider": "provider[\"registry.terraform.io/hashicorp/google\"]",
      "instances": [
        {
          "schema_version": 0,
          "attributes": {
            "bgp": [],
            "creation_timestamp": "2021-10-03T15:51:21.788-07:00",
            "description": "",
            "id": "projects/kubernetes-terraform-327901/regions/us-east4/routers/nat-router",
            "name": "nat-router",
            "network": "https://www.googleapis.com/compute/v1/projects/kubernetes-terraform-327901/global/networks/custom-network1",
            "project": "kubernetes-terraform-327901",
            "region": "us-east4",
            "self_link": "https://www.googleapis.com/compute/v1/projects/kubernetes-terraform-327901/regions/us-east4/routers/nat-router",
            "timeouts": null
          },
          "private": "eyJlMmJmYjczMC1lY2FhLTExZTYtOGY4OC0zNDM2M2JjN2M0YzAiOnsiY3JlYXRlIjoyNDAwMDAwMDAwMDAsImRlbGV0ZSI6MjQwMDAwMDAwMDAwLCJ1cGRhdGUiOjI0MDAwMDAwMDAwMH19"
        }
      ]
    },
    {
      "mode": "managed",
      "type": "google_container_cluster",
      "name": "primary",
      "provider": "provider[\"registry.terraform.io/hashicorp/google\"]",
      "instances": [
        {
          "schema_version": 1,
          "attributes": {
            "addons_config": [
              {
                "cloudrun_config": [],
                "horizontal_pod_autoscaling": [],
                "http_load_balancing": [],
                "network_policy_config": [
                  {
                    "disabled": true
                  }
                ]
              }
            ],
            "authenticator_groups_config": [],
            "cluster_autoscaling": [
              {
                "auto_provisioning_defaults": [],
                "enabled": false,
                "resource_limits": []
              }
            ],
            "cluster_ipv4_cidr": "10.220.0.0/14",
            "database_encryption": [
              {
                "key_name": "",
                "state": "DECRYPTED"
              }
            ],
            "datapath_provider": "",
            "default_max_pods_per_node": 110,
            "default_snat_status": [
              {
                "disabled": false
              }
            ],
            "description": "",
            "enable_autopilot": false,
            "enable_binary_authorization": false,
            "enable_intranode_visibility": false,
            "enable_kubernetes_alpha": false,
            "enable_legacy_abac": false,
            "enable_shielded_nodes": false,
            "enable_tpu": false,
            "endpoint": "172.16.0.2",
            "id": "projects/kubernetes-terraform-327901/locations/us-east4-c/clusters/nat-test-cluster",
            "initial_node_count": 3,
            "instance_group_urls": [
              "https://www.googleapis.com/compute/v1/projects/kubernetes-terraform-327901/zones/us-east4-c/instanceGroups/gke-nat-test-cluster-default-pool-f0db6f24-grp"
            ],
            "ip_allocation_policy": [
              {
                "cluster_ipv4_cidr_block": "10.220.0.0/14",
                "cluster_secondary_range_name": "gke-nat-test-cluster-pods-bc56654a",
                "services_ipv4_cidr_block": "10.224.0.0/20",
                "services_secondary_range_name": "gke-nat-test-cluster-services-bc56654a"
              }
            ],
            "label_fingerprint": "a9dc16a7",
            "location": "us-east4-c",
            "logging_service": "logging.googleapis.com/kubernetes",
            "maintenance_policy": [],
            "master_auth": [
              {
                "client_certificate": "",
                "client_certificate_config": [
                  {
                    "issue_client_certificate": false
                  }
                ],
                "client_key": "",
                "cluster_ca_certificate": "LS0tLS1CRUdJTiBDRVJUSUZJQ0FURS0tLS0tCk1JSUVMRENDQXBTZ0F3SUJBZ0lRUGE2S0dmcWJaZUIrTXpBT2Zjd2ZtVEFOQmdrcWhraUc5dzBCQVFzRkFEQXYKTVMwd0t3WURWUVFERXlSak9HRTFZelE1TkMweFlqRTBMVFJoWVRjdFlqazJNaTAxTURobU16WXhNekJoWldJdwpJQmNOTWpFeE1EQXpNakUxTVRJeFdoZ1BNakExTVRBNU1qWXlNalV4TWpGYU1DOHhMVEFyQmdOVkJBTVRKR000CllUVmpORGswTFRGaU1UUXROR0ZoTnkxaU9UWXlMVFV3T0dZek5qRXpNR0ZsWWpDQ0FhSXdEUVlKS29aSWh2Y04KQVFFQkJRQURnZ0dQQURDQ0FZb0NnZ0dCQU1OeW56ek11WC85bGM2M2hUTmxvbTdHMjF1bWlwdE8vUUxGVSthNQpFWmFVT2tYV1RhejZsMmQ1cVZGczQyS29lK2U2UlZIek42WDMvV2J0UjRqRFhDb1JSVEJQaUg4Zlk1bVMrYkl2CjFDcXhMdThaTkZMb1Q4ZUZBR1JpaTRmZ1AybkRDNUZZa08wekhVbms3QnNDL1ZaZGFBeHNBelpjTXhTbGNIS08KTnM3SDJDaXBtS1pINFVRSzFyT2xKTlEzMXdxU0RETWhTV3VQaVVJdll2WUFSYnlaUkNDejNqQUF6c2JidTcwVQpPOUo4ZU9hRytKbWMrb1A5U0k4djZTTWlRaEtyR1ZDS1pLOHdWSG9ZL2ZzeTY2M0RrcDlhaUFhRk1mVXJPRFh0ClhadmRwR0gzL29LWE80dVdvR2taN2hvOHhzaFVycTRpNm93V3BDK2NHbjRMWVhoVS9FQW50RFBoV3JNSHlNdEYKdnNidVVwL2xZbnh5SDMwSmw3ZXVXZVpEU1p6MzJ0QjkwZGNaaFVvcW5vZlYwdnJuS01DdE1hRDdYZVFUeDB3UApGMjdwRGVsSzRISXU1TEtkRTlJQU9uM3JqMzJHcnVabGhoVS95cHNrVHZGUHY5eDB2RVRkRGI4L1M5TDJHOGl3ClFLNU9JSGt6eHhBRCtaSks5a3pISjlnSEpRSURBUUFCbzBJd1FEQU9CZ05WSFE4QkFmOEVCQU1DQWdRd0R3WUQKVlIwVEFRSC9CQVV3QXdFQi96QWRCZ05WSFE0RUZnUVUxTDM5TWtrVGVCcUd0d3FVU1pDVHdhbHZldDh3RFFZSgpLb1pJaHZjTkFRRUxCUUFEZ2dHQkFCUVNGZ2svMVpodDR1SWYvWEJCY1J0YnlGSnRTTWNoeDhyckFMd3dlaVJ0ClZpcjVVMjJxajRISk0yUmZsdGdVdHNFL29BYW8rOHNSbXpmVTZSNFVnM3NRdWIwbmJsd0g0NHJNb2twdDRkdUkKbFl4K1JNZXJMYWNjaDdSb2NlY3RDMy9maXV6bGRVaHZvelJjc1EwRGdKVjV2bGNyZGVKM3NjQ3hDRm92U1hzaQozR09DQnB2bndZUEF3enJ1clp5MkNjd3NPR3RVNVpTdGpLZ0h0RWNmN1NwSG9tSEpVWHpJejN4Q2twcld5SjlzCjhhNUNWL3Z4TE5PQW5relRBRkpKOE5IS3M0MkY1NUVVMUptZkp3d3FxMEZZMWtjUzhUMFlXM1E1bmhJTUxJVVoKQi9lUnB5N1M4ZmhoYldvY1JadzVtV1dMcitIclpkdWRJYnBPZ3RxN3NrOCtobnhjckZ2aFE4a1ZWRGVvNWVmdwo4THE1UW5QZXNsK1k3ajVBRmdOM2VaNzJUVVp1U2JRRGdVbWZIUUM4emxIYkhMZmN5dHpVTjhPVUxPTnV6bFFVCmtLS2tYSGlEdHNwRWpwM1p5RXJkTFNPNWtKVE1YSE1BeFJOYzVndzZxQ0lTck5YUDRXRDNNR0hPN2xBZFBFcDUKWW5iSXRJQkk4R0hXWlEzSmVFckJGUT09Ci0tLS0tRU5EIENFUlRJRklDQVRFLS0tLS0K",
                "password": "",
                "username": ""
              }
            ],
            "master_authorized_networks_config": [
              {
                "cidr_blocks": null
              }
            ],
            "master_version": "1.20.9-gke.1001",
            "min_master_version": null,
            "monitoring_service": "monitoring.googleapis.com/kubernetes",
            "name": "nat-test-cluster",
            "network": "projects/kubernetes-terraform-327901/global/networks/custom-network1",
            "network_policy": [
              {
                "enabled": false,
                "provider": "PROVIDER_UNSPECIFIED"
              }
            ],
            "networking_mode": "VPC_NATIVE",
            "node_config": [
              {
                "disk_size_gb": 100,
                "disk_type": "pd-standard",
                "guest_accelerator": [],
                "image_type": "COS_CONTAINERD",
                "labels": {},
                "local_ssd_count": 0,
                "machine_type": "e2-medium",
                "metadata": {
                  "disable-legacy-endpoints": "true"
                },
                "min_cpu_platform": "",
                "oauth_scopes": [
                  "https://www.googleapis.com/auth/devstorage.read_only",
                  "https://www.googleapis.com/auth/logging.write",
                  "https://www.googleapis.com/auth/monitoring",
                  "https://www.googleapis.com/auth/service.management.readonly",
                  "https://www.googleapis.com/auth/servicecontrol",
                  "https://www.googleapis.com/auth/trace.append"
                ],
                "preemptible": false,
                "service_account": "default",
                "shielded_instance_config": [
                  {
                    "enable_integrity_monitoring": true,
                    "enable_secure_boot": false
                  }
                ],
                "tags": [],
                "taint": [],
                "workload_metadata_config": []
              }
            ],
            "node_locations": [],
            "node_pool": [
              {
                "autoscaling": [],
                "initial_node_count": 3,
                "instance_group_urls": [
                  "https://www.googleapis.com/compute/v1/projects/kubernetes-terraform-327901/zones/us-east4-c/instanceGroupManagers/gke-nat-test-cluster-default-pool-f0db6f24-grp"
                ],
                "management": [
                  {
                    "auto_repair": true,
                    "auto_upgrade": true
                  }
                ],
                "max_pods_per_node": 110,
                "name": "default-pool",
                "name_prefix": "",
                "node_config": [
                  {
                    "disk_size_gb": 100,
                    "disk_type": "pd-standard",
                    "guest_accelerator": [],
                    "image_type": "COS_CONTAINERD",
                    "labels": {},
                    "local_ssd_count": 0,
                    "machine_type": "e2-medium",
                    "metadata": {
                      "disable-legacy-endpoints": "true"
                    },
                    "min_cpu_platform": "",
                    "oauth_scopes": [
                      "https://www.googleapis.com/auth/devstorage.read_only",
                      "https://www.googleapis.com/auth/logging.write",
                      "https://www.googleapis.com/auth/monitoring",
                      "https://www.googleapis.com/auth/service.management.readonly",
                      "https://www.googleapis.com/auth/servicecontrol",
                      "https://www.googleapis.com/auth/trace.append"
                    ],
                    "preemptible": false,
                    "service_account": "default",
                    "shielded_instance_config": [
                      {
                        "enable_integrity_monitoring": true,
                        "enable_secure_boot": false
                      }
                    ],
                    "tags": [],
                    "taint": [],
                    "workload_metadata_config": []
                  }
                ],
                "node_count": 3,
                "node_locations": [
                  "us-east4-c"
                ],
                "upgrade_settings": [
                  {
                    "max_surge": 1,
                    "max_unavailable": 0
                  }
                ],
                "version": "1.20.9-gke.1001"
              }
            ],
            "node_version": "1.20.9-gke.1001",
            "operation": null,
            "pod_security_policy_config": [],
            "private_cluster_config": [
              {
                "enable_private_endpoint": true,
                "enable_private_nodes": true,
                "master_global_access_config": [
                  {
                    "enabled": false
                  }
                ],
                "master_ipv4_cidr_block": "172.16.0.0/28",
                "peering_name": "gke-n556b604dbdefd4a8268-48b0-6eb1-peer",
                "private_endpoint": "172.16.0.2",
                "public_endpoint": "35.245.134.250"
              }
            ],
            "private_ipv6_google_access": "",
            "project": "kubernetes-terraform-327901",
            "release_channel": [
              {
                "channel": "REGULAR"
              }
            ],
            "remove_default_node_pool": null,
            "resource_labels": null,
            "resource_usage_export_config": [],
            "self_link": "https://container.googleapis.com/v1beta1/projects/kubernetes-terraform-327901/zones/us-east4-c/clusters/nat-test-cluster",
            "services_ipv4_cidr": "10.224.0.0/20",
            "subnetwork": "projects/kubernetes-terraform-327901/regions/us-east4/subnetworks/subnet-us-east-192",
            "timeouts": null,
            "tpu_ipv4_cidr_block": "",
            "vertical_pod_autoscaling": [],
            "workload_identity_config": []
          },
          "private": "eyJlMmJmYjczMC1lY2FhLTExZTYtOGY4OC0zNDM2M2JjN2M0YzAiOnsiY3JlYXRlIjoyNDAwMDAwMDAwMDAwLCJkZWxldGUiOjI0MDAwMDAwMDAwMDAsInJlYWQiOjI0MDAwMDAwMDAwMDAsInVwZGF0ZSI6MzYwMDAwMDAwMDAwMH0sInNjaGVtYV92ZXJzaW9uIjoiMSJ9"
        }
      ]
    },
    {
      "mode": "managed",
      "type": "google_project_service",
      "name": "gcp_service",
      "provider": "provider[\"registry.terraform.io/hashicorp/google\"]",
      "instances": [
        {
          "index_key": "compute.googleapis.com",
          "schema_version": 0,
          "attributes": {
            "disable_dependent_services": true,
            "disable_on_destroy": true,
            "id": "kubernetes-terraform-327901/compute.googleapis.com",
            "project": "kubernetes-terraform-327901",
            "service": "compute.googleapis.com",
            "timeouts": null
          }
        },
        {
          "index_key": "container.googleapis.com",
          "schema_version": 0,
          "attributes": {
            "disable_dependent_services": true,
            "disable_on_destroy": true,
            "id": "kubernetes-terraform-327901/container.googleapis.com",
            "project": "kubernetes-terraform-327901",
            "service": "container.googleapis.com",
            "timeouts": null
          },
          "private": "eyJlMmJmYjczMC1lY2FhLTExZTYtOGY4OC0zNDM2M2JjN2M0YzAiOnsiY3JlYXRlIjoxMjAwMDAwMDAwMDAwLCJkZWxldGUiOjEyMDAwMDAwMDAwMDAsInJlYWQiOjYwMDAwMDAwMDAwMCwidXBkYXRlIjoxMjAwMDAwMDAwMDAwfX0="
        },
        {
          "index_key": "iap.googleapis.com",
          "schema_version": 0,
          "attributes": {
            "disable_dependent_services": true,
            "disable_on_destroy": true,
            "id": "kubernetes-terraform-327901/iap.googleapis.com",
            "project": "kubernetes-terraform-327901",
            "service": "iap.googleapis.com",
            "timeouts": null
          },
          "private": "eyJlMmJmYjczMC1lY2FhLTExZTYtOGY4OC0zNDM2M2JjN2M0YzAiOnsiY3JlYXRlIjoxMjAwMDAwMDAwMDAwLCJkZWxldGUiOjEyMDAwMDAwMDAwMDAsInJlYWQiOjYwMDAwMDAwMDAwMCwidXBkYXRlIjoxMjAwMDAwMDAwMDAwfX0="
        }
      ]
    },
    {
      "module": "module.cloud-nat",
      "mode": "managed",
      "type": "google_compute_router_nat",
      "name": "main",
      "provider": "provider[\"registry.terraform.io/hashicorp/google\"]",
      "instances": [
        {
          "schema_version": 0,
          "attributes": {
            "drain_nat_ips": null,
            "enable_endpoint_independent_mapping": true,
            "icmp_idle_timeout_sec": 30,
            "id": "kubernetes-terraform-327901/us-east4/nat-router/nat-config",
            "log_config": [],
            "min_ports_per_vm": 64,
            "name": "nat-config",
            "nat_ip_allocate_option": "AUTO_ONLY",
            "nat_ips": null,
            "project": "kubernetes-terraform-327901",
            "region": "us-east4",
            "router": "nat-router",
            "source_subnetwork_ip_ranges_to_nat": "ALL_SUBNETWORKS_ALL_IP_RANGES",
            "subnetwork": [],
            "tcp_established_idle_timeout_sec": 1200,
            "tcp_transitory_idle_timeout_sec": 30,
            "timeouts": null,
            "udp_idle_timeout_sec": 30
          },
          "private": "eyJlMmJmYjczMC1lY2FhLTExZTYtOGY4OC0zNDM2M2JjN2M0YzAiOnsiY3JlYXRlIjo2MDAwMDAwMDAwMDAsImRlbGV0ZSI6NjAwMDAwMDAwMDAwLCJ1cGRhdGUiOjYwMDAwMDAwMDAwMH19",
          "dependencies": [
            "google_compute_router.router",
            "module.cloud-nat.google_compute_router.router",
            "module.cloud-nat.random_string.name_suffix"
          ]
        }
      ]
    },
    {
      "module": "module.cloud-nat",
      "mode": "managed",
      "type": "random_string",
      "name": "name_suffix",
      "provider": "provider[\"registry.terraform.io/hashicorp/random\"]",
      "instances": [
        {
          "schema_version": 1,
          "attributes": {
            "id": "sa83vj",
            "keepers": null,
            "length": 6,
            "lower": true,
            "min_lower": 0,
            "min_numeric": 0,
            "min_special": 0,
            "min_upper": 0,
            "number": true,
            "override_special": null,
            "result": "sa83vj",
            "special": false,
            "upper": false
          },
          "private": "eyJzY2hlbWFfdmVyc2lvbiI6IjEifQ=="
        }
      ]
    },
    {
      "module": "module.test-vpc-module.module.subnets",
      "mode": "managed",
      "type": "google_compute_subnetwork",
      "name": "subnetwork",
      "provider": "provider[\"registry.terraform.io/hashicorp/google\"]",
      "instances": [
        {
          "index_key": "us-east4/subnet-us-east-192",
          "schema_version": 0,
          "attributes": {
            "creation_timestamp": "2021-10-02T19:47:17.530-07:00",
            "description": "",
            "fingerprint": null,
            "gateway_address": "192.168.1.1",
            "id": "projects/kubernetes-terraform-327901/regions/us-east4/subnetworks/subnet-us-east-192",
            "ip_cidr_range": "192.168.1.0/24",
            "log_config": [],
            "name": "subnet-us-east-192",
            "network": "https://www.googleapis.com/compute/v1/projects/kubernetes-terraform-327901/global/networks/custom-network1",
            "private_ip_google_access": false,
            "private_ipv6_google_access": "DISABLE_GOOGLE_ACCESS",
            "project": "kubernetes-terraform-327901",
            "purpose": "PRIVATE",
            "region": "us-east4",
            "role": "",
            "secondary_ip_range": [
              {
                "ip_cidr_range": "10.224.0.0/20",
                "range_name": "gke-nat-test-cluster-services-bc56654a"
              },
              {
                "ip_cidr_range": "10.220.0.0/14",
                "range_name": "gke-nat-test-cluster-pods-bc56654a"
              }
            ],
            "self_link": "https://www.googleapis.com/compute/v1/projects/kubernetes-terraform-327901/regions/us-east4/subnetworks/subnet-us-east-192",
            "timeouts": null
          },
          "private": "eyJlMmJmYjczMC1lY2FhLTExZTYtOGY4OC0zNDM2M2JjN2M0YzAiOnsiY3JlYXRlIjozNjAwMDAwMDAwMDAsImRlbGV0ZSI6MzYwMDAwMDAwMDAwLCJ1cGRhdGUiOjM2MDAwMDAwMDAwMH19",
          "dependencies": [
            "module.test-vpc-module.module.vpc.google_compute_network.network"
          ]
        }
      ]
    },
    {
      "module": "module.test-vpc-module.module.vpc",
      "mode": "managed",
      "type": "google_compute_network",
      "name": "network",
      "provider": "provider[\"registry.terraform.io/hashicorp/google\"]",
      "instances": [
        {
          "schema_version": 0,
          "attributes": {
            "auto_create_subnetworks": false,
            "delete_default_routes_on_create": false,
            "description": "",
            "gateway_ipv4": "",
            "id": "projects/kubernetes-terraform-327901/global/networks/custom-network1",
            "mtu": 1460,
            "name": "custom-network1",
            "project": "kubernetes-terraform-327901",
            "routing_mode": "GLOBAL",
            "self_link": "https://www.googleapis.com/compute/v1/projects/kubernetes-terraform-327901/global/networks/custom-network1",
            "timeouts": null
          },
          "private": "eyJlMmJmYjczMC1lY2FhLTExZTYtOGY4OC0zNDM2M2JjN2M0YzAiOnsiY3JlYXRlIjoyNDAwMDAwMDAwMDAsImRlbGV0ZSI6MjQwMDAwMDAwMDAwLCJ1cGRhdGUiOjI0MDAwMDAwMDAwMH19"
        }
      ]
    }
  ]
}
